
Microsoft Visual Studio Solution File, Format Version 12.00
# Visual Studio Version 17
VisualStudioVersion = 17.11.35208.52
MinimumVisualStudioVersion = 10.0.40219.1
Project("{FAE04EC0-301F-11D3-BF4B-00C04F79EFBC}") = "Introduccion_Bootstrap", "Introduccion_Bootstrap\Introduccion_Bootstrap.csproj", "{9F95B372-921A-471F-9AEA-5B846C52272C}"
EndProject
Global
	GlobalSection(SolutionConfigurationPlatforms) = preSolution
		Debug|Any CPU = Debug|Any CPU
		Release|Any CPU = Release|Any CPU
	EndGlobalSection
	GlobalSection(ProjectConfigurationPlatforms) = postSolution
		{9F95B372-921A-471F-9AEA-5B846C52272C}.Debug|Any CPU.ActiveCfg = Debug|Any CPU
		{9F95B372-921A-471F-9AEA-5B846C52272C}.Debug|Any CPU.Build.0 = Debug|Any CPU
		{9F95B372-921A-471F-9AEA-5B846C52272C}.Release|Any CPU.ActiveCfg = Release|Any CPU
		{9F95B372-921A-471F-9AEA-5B846C52272C}.Release|Any CPU.Build.0 = Release|Any CPU
	EndGlobalSection
	GlobalSection(SolutionProperties) = preSolution
		HideSolutionNode = FALSE
	EndGlobalSection
	GlobalSection(ExtensibilityGlobals) = postSolution
		SolutionGuid = {6067DA20-3B5F-4EE3-8773-9383775C4767}
	EndGlobalSection
EndGlobal
